// !$*UTF8*$!
{
	archiveVersion = 1;
	classes = {
	};
	objectVersion = 46;
	objects = {

/* Begin PBXBuildFile section */
		46BB682E1CF0ACF8001B767C /* AppDelegate.swift in Sources */ = {isa = PBXBuildFile; fileRef = 46BB682D1CF0ACF8001B767C /* AppDelegate.swift */; };
		46BB68301CF0ACF8001B767C /* ViewController.swift in Sources */ = {isa = PBXBuildFile; fileRef = 46BB682F1CF0ACF8001B767C /* ViewController.swift */; };
		46BB68331CF0ACF8001B767C /* Main.storyboard in Resources */ = {isa = PBXBuildFile; fileRef = 46BB68311CF0ACF8001B767C /* Main.storyboard */; };
		46BB68351CF0ACF8001B767C /* Assets.xcassets in Resources */ = {isa = PBXBuildFile; fileRef = 46BB68341CF0ACF8001B767C /* Assets.xcassets */; };
		46BB68381CF0ACF8001B767C /* LaunchScreen.storyboard in Resources */ = {isa = PBXBuildFile; fileRef = 46BB68361CF0ACF8001B767C /* LaunchScreen.storyboard */; };
/* End PBXBuildFile section */

/* Begin PBXFileReference section */
		46BB682A1CF0ACF8001B767C /* Standford Swift Calculator.app */ = {isa = PBXFileReference; explicitFileType = wrapper.application; includeInIndex = 0; path = "Standford Swift Calculator.app"; sourceTree = BUILT_PRODUCTS_DIR; };
		46BB682D1CF0ACF8001B767C /* AppDelegate.swift */ = {isa = PBXFileReference; lastKnownFileType = sourcecode.swift; path = AppDelegate.swift; sourceTree = "<group>"; };
		46BB682F1CF0ACF8001B767C /* ViewController.swift */ = {isa = PBXFileReference; lastKnownFileType = sourcecode.swift; path = ViewController.swift; sourceTree = "<group>"; };
		46BB68321CF0ACF8001B767C /* Base */ = {isa = PBXFileReference; lastKnownFileType = file.storyboard; name = Base; path = Base.lproj/Main.storyboard; sourceTree = "<group>"; };
		46BB68341CF0ACF8001B767C /* Assets.xcassets */ = {isa = PBXFileReference; lastKnownFileType = folder.assetcatalog; path = Assets.xcassets; sourceTree = "<group>"; };
		46BB68371CF0ACF8001B767C /* Base */ = {isa = PBXFileReference; lastKnownFileType = file.storyboard; name = Base; path = Base.lproj/LaunchScreen.storyboard; sourceTree = "<group>"; };
		46BB68391CF0ACF8001B767C /* Info.plist */ = {isa = PBXFileReference; lastKnownFileType = text.plist.xml; path = Info.plist; sourceTree = "<group>"; };
/* End PBXFileReference section */

/* Begin PBXFrameworksBuildPhase section */
		46BB68271CF0ACF8001B767C /* Frameworks */ = {
			isa = PBXFrameworksBuildPhase;
			buildActionMask = 2147483647;
			files = (
			);
			runOnlyForDeploymentPostprocessing = 0;
		};
/* End PBXFrameworksBuildPhase section */

/* Begin PBXGroup section */
		46BB68211CF0ACF8001B767C = {
			isa = PBXGroup;
			children = (
				46BB682C1CF0ACF8001B767C /* Standford Swift Calculator */,
				46BB682B1CF0ACF8001B767C /* Products */,
			);
			sourceTree = "<group>";
		};
		46BB682B1CF0ACF8001B767C /* Products */ = {
			isa = PBXGroup;
			children = (
				46BB682A1CF0ACF8001B767C /* Standford Swift Calculator.app */,
			);
			name = Products;
			sourceTree = "<group>";
		};
		46BB682C1CF0ACF8001B767C /* Standford Swift Calculator */ = {
			isa = PBXGroup;
			children = (
				46BB682D1CF0ACF8001B767C /* AppDelegate.swift */,
				46BB682F1CF0ACF8001B767C /* ViewController.swift */,
				46BB68311CF0ACF8001B767C /* Main.storyboard */,
				46BB68341CF0ACF8001B767C /* Assets.xcassets */,
				46BB68361CF0ACF8001B767C /* LaunchScreen.storyboard */,
				46BB68391CF0ACF8001B767C /* Info.plist */,
			);
			path = "Standford Swift Calculator";
			sourceTree = "<group>";
		};
/* End PBXGroup section */

/* Begin PBXNativeTarget section */
		46BB68291CF0ACF8001B767C /* Standford Swift Calculator */ = {
			isa = PBXNativeTarget;
			buildConfigurationList = 46BB683C1CF0ACF8001B767C /* Build configuration list for PBXNativeTarget "Standford Swift Calculator" */;
			buildPhases = (
				46BB68261CF0ACF8001B767C /* Sources */,
				46BB68271CF0ACF8001B767C /* Frameworks */,
				46BB68281CF0ACF8001B767C /* Resources */,
			);
			buildRules = (
			);
			dependencies = (
			);
			name = "Standford Swift Calculator";
			productName = "Standford Swift Calculator";
			productReference = 46BB682A1CF0ACF8001B767C /* Standford Swift Calculator.app */;
			productType = "com.apple.product-type.application";
		};
/* End PBXNativeTarget section */

/* Begin PBXProject section */
		46BB68221CF0ACF8001B767C /* Project object */ = {
			isa = PBXProject;
			attributes = {
				LastSwiftUpdateCheck = 0730;
				LastUpgradeCheck = 0730;
				ORGANIZATIONNAME = "mariano latorre";
				TargetAttributes = {
					46BB68291CF0ACF8001B767C = {
						CreatedOnToolsVersion = 7.3.1;
					};
				};
			};
			buildConfigurationList = 46BB68251CF0ACF8001B767C /* Build configuration list for PBXProject "Standford Swift Calculator" */;
			compatibilityVersion = "Xcode 3.2";
			developmentRegion = English;
			hasScannedForEncodings = 0;
			knownRegions = (
				en,
				Base,
			);
			mainGroup = 46BB68211CF0ACF8001B767C;
			productRefGroup = 46BB682B1CF0ACF8001B767C /* Products */;
			projectDirPath = "";
			projectRoot = "";
			targets = (
				46BB68291CF0ACF8001B767C /* Standford Swift Calculator */,
			);
		};
/* End PBXProject section */

/* Begin PBXResourcesBuildPhase section */
		46BB68281CF0ACF8001B767C /* Resources */ = {
			isa = PBXResourcesBuildPhase;
			buildActionMask = 2147483647;
			files = (
				46BB68381CF0ACF8001B767C /* LaunchScreen.storyboard in Resources */,
				46BB68351CF0ACF8001B767C /* Assets.xcassets in Resources */,
				46BB68331CF0ACF8001B767C /* Main.storyboard in Resources */,
			);
			runOnlyForDeploymentPostprocessing = 0;
		};
/* End PBXResourcesBuildPhase section */

/* Begin PBXSourcesBuildPhase section */
		46BB68261CF0ACF8001B767C /* Sources */ = {
			isa = PBXSourcesBuildPhase;
			buildActionMask = 2147483647;
			files = (
				46BB68301CF0ACF8001B767C /* ViewController.swift in Sources */,
				46BB682E1CF0ACF8001B767C /* AppDelegate.swift in Sources */,
			);
			runOnlyForDeploymentPostprocessing = 0;
		};
/* End PBXSourcesBuildPhase section */

/* Begin PBXVariantGroup section */
		46BB68311CF0ACF8001B767C /* Main.storyboard */ = {
			isa = PBXVariantGroup;
			children = (
				46BB68321CF0ACF8001B767C /* Base */,
			);
			name = Main.storyboard;
			sourceTree = "<group>";
		};
		46BB68361CF0ACF8001B767C /* LaunchScreen.storyboard */ = {
			isa = PBXVariantGroup;
			children = (
				46BB68371CF0ACF8001B767C /* Base */,
			);
			name = LaunchScreen.storyboard;
			sourceTree = "<group>";
		};
/* End PBXVariantGroup section */

/* Begin XCBuildConfiguration section */
		46BB683A1CF0ACF8001B767C /* Debug */ = {
			isa = XCBuildConfiguration;
			buildSettings = {
				ALWAYS_SEARCH_USER_PATHS = NO;
				CLANG_ANALYZER_NONNULL = YES;
				CLANG_CXX_LANGUAGE_STANDARD = "gnu++0x";
				CLANG_CXX_LIBRARY = "libc++";
				CLANG_ENABLE_MODULES = YES;
				CLANG_ENABLE_OBJC_ARC = YES;
				CLANG_WARN_BOOL_CONVERSION = YES;
				CLANG_WARN_CONSTANT_CONVERSION = YES;
				CLANG_WARN_DIRECT_OBJC_ISA_USAGE = YES_ERROR;
				CLANG_WARN_EMPTY_BODY = YES;
				CLANG_WARN_ENUM_CONVERSION = YES;
				CLANG_WARN_INT_CONVERSION = YES;
				CLANG_WARN_OBJC_ROOT_CLASS = YES_ERROR;
				CLANG_WARN_UNREACHABLE_CODE = YES;
				CLANG_WARN__DUPLICATE_METHOD_MATCH = YES;
				"CODE_SIGN_IDENTITY[sdk=iphoneos*]" = "iPhone Developer";
				COPY_PHASE_STRIP = NO;
				DEBUG_INFORMATION_FORMAT = dwarf;
				ENABLE_STRICT_OBJC_MSGSEND = YES;
				ENABLE_TESTABILITY = YES;
				GCC_C_LANGUAGE_STANDARD = gnu99;
				GCC_DYNAMIC_NO_PIC = NO;
				GCC_NO_COMMON_BLOCKS = YES;
				GCC_OPTIMIZATION_LEVEL = 0;
				GCC_PREPROCESSOR_DEFINITIONS = (
					"DEBUG=1",
					"$(inherited)",
				);
				GCC_WARN_64_TO_32_BIT_CONVERSION = YES;
				GCC_WARN_ABOUT_RETURN_TYPE = YES_ERROR;
				GCC_WARN_UNDECLARED_SELECTOR = YES;
				GCC_WARN_UNINITIALIZED_AUTOS = YES_AGGRESSIVE;
				GCC_WARN_UNUSED_FUNCTION = YES;
				GCC_WARN_UNUSED_VARIABLE = YES;
				IPHONEOS_DEPLOYMENT_TARGET = 9.3;
				MTL_ENABLE_DEBUG_INFO = YES;
				ONLY_ACTIVE_ARCH = YES;
				SDKROOT = iphoneos;
				SWIFT_OPTIMIZATION_LEVEL = "-Onone";
				TARGETED_DEVICE_FAMILY = "1,2";
			};
			name = Debug;
		};
		46BB683B1CF0ACF8001B767C /* Release */ = {
			isa = XCBuildConfiguration;
			buildSettings = {
				ALWAYS_SEARCH_USER_PATHS = NO;
				CLANG_ANALYZER_NONNULL = YES;
				CLANG_CXX_LANGUAGE_STANDARD = "gnu++0x";
				CLANG_CXX_LIBRARY = "libc++";
				CLANG_ENABLE_MODULES = YES;
				CLANG_ENABLE_OBJC_ARC = YES;
				CLANG_WARN_BOOL_CONVERSION = YES;
				CLANG_WARN_CONSTANT_CONVERSION = YES;
				CLANG_WARN_DIRECT_OBJC_ISA_USAGE = YES_ERROR;
				CLANG_WARN_EMPTY_BODY = YES;
				CLANG_WARN_ENUM_CONVERSION = YES;
				CLANG_WARN_INT_CONVERSION = YES;
				CLANG_WARN_OBJC_ROOT_CLASS = YES_ERROR;
				CLANG_WARN_UNREACHABLE_CODE = YES;
				CLANG_WARN__DUPLICATE_METHOD_MATCH = YES;
				"CODE_SIGN_IDENTITY[sdk=iphoneos*]" = "iPhone Developer";
				COPY_PHASE_STRIP = NO;
				DEBUG_INFORMATION_FORMAT = "dwarf-with-dsym";
				ENABLE_NS_ASSERTIONS = NO;
				ENABLE_STRICT_OBJC_MSGSEND = YES;
				GCC_C_LANGUAGE_STANDARD = gnu99;
				GCC_NO_COMMON_BLOCKS = YES;
				GCC_WARN_64_TO_32_BIT_CONVERSION = YES;
				GCC_WARN_ABOUT_RETURN_TYPE = YES_ERROR;
				GCC_WARN_UNDECLARED_SELECTOR = YES;
				GCC_WARN_UNINITIALIZED_AUTOS = YES_AGGRESSIVE;
				GCC_WARN_UNUSED_FUNCTION = YES;
				GCC_WARN_UNUSED_VARIABLE = YES;
				IPHONEOS_DEPLOYMENT_TARGET = 9.3;
				MTL_ENABLE_DEBUG_INFO = NO;
				SDKROOT = iphoneos;
				TARGETED_DEVICE_FAMILY = "1,2";
				VALIDATE_PRODUCT = YES;
			};
			name = Release;
		};
		46BB683D1CF0ACF8001B767C /* Debug */ = {
			isa = XCBuildConfiguration;
			buildSettings = {
				ASSETCATALOG_COMPILER_APPICON_NAME = AppIcon;
				INFOPLIST_FILE = "Standford Swift Calculator/Info.plist";
				LD_RUNPATH_SEARCH_PATHS = "$(inherited) @executable_path/Frameworks";
				PRODUCT_BUNDLE_IDENTIFIER = "com.marianolatorre.standfordcalculator.Standford-Swift-Calculator";
				PRODUCT_NAME = "$(TARGET_NAME)";
			};
			name = Debug;
		};
		46BB683E1CF0ACF8001B767C /* Release */ = {
			isa = XCBuildConfiguration;
			buildSettings = {
				ASSETCATALOG_COMPILER_APPICON_NAME = AppIcon;
				INFOPLIST_FILE = "Standford Swift Calculator/Info.plist";
				LD_RUNPATH_SEARCH_PATHS = "$(inherited) @executable_path/Frameworks";
				PRODUCT_BUNDLE_IDENTIFIER = "com.marianolatorre.standfordcalculator.Standford-Swift-Calculator";
				PRODUCT_NAME = "$(TARGET_NAME)";
			};
			name = Release;
		};
/* End XCBuildConfiguration section */

/* Begin XCConfigurationList section */
		46BB68251CF0ACF8001B767C /* Build configuration list for PBXProject "Standford Swift Calculator" */ = {
			isa = XCConfigurationList;
			buildConfigurations = (
				46BB683A1CF0ACF8001B767C /* Debug */,
				46BB683B1CF0ACF8001B767C /* Release */,
			);
			defaultConfigurationIsVisible = 0;
			defaultConfigurationName = Release;
		};
		46BB683C1CF0ACF8001B767C /* Build configuration list for PBXNativeTarget "Standford Swift Calculator" */ = {
			isa = XCConfigurationList;
			buildConfigurations = (
				46BB683D1CF0ACF8001B767C /* Debug */,
				46BB683E1CF0ACF8001B767C /* Release */,
			);
			defaultConfigurationIsVisible = 0;
		};
/* End XCConfigurationList section */
	};
	rootObject = 46BB68221CF0ACF8001B767C /* Project object */;
}
